
Microsoft Visual Studio Solution File, Format Version 12.00
# Visual Studio Version 16
VisualStudioVersion = 16.0.34601.136
MinimumVisualStudioVersion = 10.0.40219.1
Project("{FAE04EC0-301F-11D3-BF4B-00C04F79EFBC}") = "MethodsAndObjectsAssignment", "MethodsAndObjectsAssignment\MethodsAndObjectsAssignment.csproj", "{CA52BF58-27B7-43E9-AFCE-FDA1C4B6403D}"
EndProject
Global
	GlobalSection(SolutionConfigurationPlatforms) = preSolution
		Debug|Any CPU = Debug|Any CPU
		Release|Any CPU = Release|Any CPU
	EndGlobalSection
	GlobalSection(ProjectConfigurationPlatforms) = postSolution
		{CA52BF58-27B7-43E9-AFCE-FDA1C4B6403D}.Debug|Any CPU.ActiveCfg = Debug|Any CPU
		{CA52BF58-27B7-43E9-AFCE-FDA1C4B6403D}.Debug|Any CPU.Build.0 = Debug|Any CPU
		{CA52BF58-27B7-43E9-AFCE-FDA1C4B6403D}.Release|Any CPU.ActiveCfg = Release|Any CPU
		{CA52BF58-27B7-43E9-AFCE-FDA1C4B6403D}.Release|Any CPU.Build.0 = Release|Any CPU
	EndGlobalSection
	GlobalSection(SolutionProperties) = preSolution
		HideSolutionNode = FALSE
	EndGlobalSection
	GlobalSection(ExtensibilityGlobals) = postSolution
		SolutionGuid = {33D5C414-28DD-4A38-BF00-2D504662F883}
	EndGlobalSection
EndGlobal
