
Microsoft Visual Studio Solution File, Format Version 12.00
# Visual Studio Version 16
VisualStudioVersion = 16.0.34601.136
MinimumVisualStudioVersion = 10.0.40219.1
Project("{FAE04EC0-301F-11D3-BF4B-00C04F79EFBC}") = "StructAssignment", "StructAssignment\StructAssignment.csproj", "{EDEA1E8D-0C8D-4063-9052-0CB98B0A6F78}"
EndProject
Global
	GlobalSection(SolutionConfigurationPlatforms) = preSolution
		Debug|Any CPU = Debug|Any CPU
		Release|Any CPU = Release|Any CPU
	EndGlobalSection
	GlobalSection(ProjectConfigurationPlatforms) = postSolution
		{EDEA1E8D-0C8D-4063-9052-0CB98B0A6F78}.Debug|Any CPU.ActiveCfg = Debug|Any CPU
		{EDEA1E8D-0C8D-4063-9052-0CB98B0A6F78}.Debug|Any CPU.Build.0 = Debug|Any CPU
		{EDEA1E8D-0C8D-4063-9052-0CB98B0A6F78}.Release|Any CPU.ActiveCfg = Release|Any CPU
		{EDEA1E8D-0C8D-4063-9052-0CB98B0A6F78}.Release|Any CPU.Build.0 = Release|Any CPU
	EndGlobalSection
	GlobalSection(SolutionProperties) = preSolution
		HideSolutionNode = FALSE
	EndGlobalSection
	GlobalSection(ExtensibilityGlobals) = postSolution
		SolutionGuid = {26CC2094-1102-4BAC-97F6-EFA710E41D56}
	EndGlobalSection
EndGlobal
