
Microsoft Visual Studio Solution File, Format Version 12.00
# Visual Studio Version 16
VisualStudioVersion = 16.0.34601.136
MinimumVisualStudioVersion = 10.0.40219.1
Project("{FAE04EC0-301F-11D3-BF4B-00C04F79EFBC}") = "DatetimeAssignment", "DatetimeAssignment\DatetimeAssignment.csproj", "{476A9C31-18C9-460A-9A72-63D771522CCD}"
EndProject
Global
	GlobalSection(SolutionConfigurationPlatforms) = preSolution
		Debug|Any CPU = Debug|Any CPU
		Release|Any CPU = Release|Any CPU
	EndGlobalSection
	GlobalSection(ProjectConfigurationPlatforms) = postSolution
		{476A9C31-18C9-460A-9A72-63D771522CCD}.Debug|Any CPU.ActiveCfg = Debug|Any CPU
		{476A9C31-18C9-460A-9A72-63D771522CCD}.Debug|Any CPU.Build.0 = Debug|Any CPU
		{476A9C31-18C9-460A-9A72-63D771522CCD}.Release|Any CPU.ActiveCfg = Release|Any CPU
		{476A9C31-18C9-460A-9A72-63D771522CCD}.Release|Any CPU.Build.0 = Release|Any CPU
	EndGlobalSection
	GlobalSection(SolutionProperties) = preSolution
		HideSolutionNode = FALSE
	EndGlobalSection
	GlobalSection(ExtensibilityGlobals) = postSolution
		SolutionGuid = {FC0D74E3-28B6-4083-8463-80F9C8482B3C}
	EndGlobalSection
EndGlobal
