
Microsoft Visual Studio Solution File, Format Version 12.00
# Visual Studio Version 16
VisualStudioVersion = 16.0.34601.136
MinimumVisualStudioVersion = 10.0.40219.1
Project("{FAE04EC0-301F-11D3-BF4B-00C04F79EFBC}") = "MainMethodAssignment", "MainMethodAssignment\MainMethodAssignment.csproj", "{DE540F9E-84AA-4D24-AAD9-8A1129542569}"
EndProject
Global
	GlobalSection(SolutionConfigurationPlatforms) = preSolution
		Debug|Any CPU = Debug|Any CPU
		Release|Any CPU = Release|Any CPU
	EndGlobalSection
	GlobalSection(ProjectConfigurationPlatforms) = postSolution
		{DE540F9E-84AA-4D24-AAD9-8A1129542569}.Debug|Any CPU.ActiveCfg = Debug|Any CPU
		{DE540F9E-84AA-4D24-AAD9-8A1129542569}.Debug|Any CPU.Build.0 = Debug|Any CPU
		{DE540F9E-84AA-4D24-AAD9-8A1129542569}.Release|Any CPU.ActiveCfg = Release|Any CPU
		{DE540F9E-84AA-4D24-AAD9-8A1129542569}.Release|Any CPU.Build.0 = Release|Any CPU
	EndGlobalSection
	GlobalSection(SolutionProperties) = preSolution
		HideSolutionNode = FALSE
	EndGlobalSection
	GlobalSection(ExtensibilityGlobals) = postSolution
		SolutionGuid = {EC82D2CF-0C09-4939-B1AF-85BD4D0627E3}
	EndGlobalSection
EndGlobal
