
Microsoft Visual Studio Solution File, Format Version 12.00
# Visual Studio Version 16
VisualStudioVersion = 16.0.34601.136
MinimumVisualStudioVersion = 10.0.40219.1
Project("{FAE04EC0-301F-11D3-BF4B-00C04F79EFBC}") = "AbstractClassAssignment", "AbstractClassAssignment\AbstractClassAssignment.csproj", "{7B3717AE-E0F8-446C-8750-6EEC234A6B04}"
EndProject
Global
	GlobalSection(SolutionConfigurationPlatforms) = preSolution
		Debug|Any CPU = Debug|Any CPU
		Release|Any CPU = Release|Any CPU
	EndGlobalSection
	GlobalSection(ProjectConfigurationPlatforms) = postSolution
		{7B3717AE-E0F8-446C-8750-6EEC234A6B04}.Debug|Any CPU.ActiveCfg = Debug|Any CPU
		{7B3717AE-E0F8-446C-8750-6EEC234A6B04}.Debug|Any CPU.Build.0 = Debug|Any CPU
		{7B3717AE-E0F8-446C-8750-6EEC234A6B04}.Release|Any CPU.ActiveCfg = Release|Any CPU
		{7B3717AE-E0F8-446C-8750-6EEC234A6B04}.Release|Any CPU.Build.0 = Release|Any CPU
	EndGlobalSection
	GlobalSection(SolutionProperties) = preSolution
		HideSolutionNode = FALSE
	EndGlobalSection
	GlobalSection(ExtensibilityGlobals) = postSolution
		SolutionGuid = {ACB2F9E4-5A55-4E06-A443-16086632BAE1}
	EndGlobalSection
EndGlobal
