
Microsoft Visual Studio Solution File, Format Version 12.00
# Visual Studio Version 16
VisualStudioVersion = 16.0.34601.136
MinimumVisualStudioVersion = 10.0.40219.1
Project("{FAE04EC0-301F-11D3-BF4B-00C04F79EFBC}") = "LambdaExpressionAssignment", "LambdaExpressionAssignment\LambdaExpressionAssignment.csproj", "{E09C9A70-254B-455B-BF4A-4EC1DC357789}"
EndProject
Global
	GlobalSection(SolutionConfigurationPlatforms) = preSolution
		Debug|Any CPU = Debug|Any CPU
		Release|Any CPU = Release|Any CPU
	EndGlobalSection
	GlobalSection(ProjectConfigurationPlatforms) = postSolution
		{E09C9A70-254B-455B-BF4A-4EC1DC357789}.Debug|Any CPU.ActiveCfg = Debug|Any CPU
		{E09C9A70-254B-455B-BF4A-4EC1DC357789}.Debug|Any CPU.Build.0 = Debug|Any CPU
		{E09C9A70-254B-455B-BF4A-4EC1DC357789}.Release|Any CPU.ActiveCfg = Release|Any CPU
		{E09C9A70-254B-455B-BF4A-4EC1DC357789}.Release|Any CPU.Build.0 = Release|Any CPU
	EndGlobalSection
	GlobalSection(SolutionProperties) = preSolution
		HideSolutionNode = FALSE
	EndGlobalSection
	GlobalSection(ExtensibilityGlobals) = postSolution
		SolutionGuid = {5C62BD85-5713-43E7-A529-8E25CAFDC750}
	EndGlobalSection
EndGlobal
